schema: '2.0'
stages:
  get-locations:
    cmd: python locations.py
    deps:
    - path: gtfs.py
      hash: md5
      md5: 443114cbfbac7b946bbcd54af51fcc49
      size: 1303
    - path: gtfsrt.py
      hash: md5
      md5: a67b0a90a1c3471484ba21de589a6fbb
      size: 2740
    - path: https://data.bus-data.dft.gov.uk/avl/download/gtfsrt
      hash: md5
      checksum: '23302139369887290837603886456869557511'
      size: 2076567
    - path: locations.py
      hash: md5
      md5: 29f739b74fe6151abfac390625225c62
      size: 2084
    - path: utils/filesystem/paths.py
      hash: md5
      md5: 4d26ddb6656fef3f54cb2d2f77c5fc6d
      size: 335
    outs:
    - path: ..//downloads/gtfs-rt/archive
      hash: md5
      md5: 9d83ec266be49747ccf545b80a6eb443.dir
      size: 7847360
      nfiles: 2
    - path: ..//downloads/gtfs-rt/current/locations.bin
      hash: md5
      md5: f3133571344b533970d23741fc55a7ad
      size: 3989892
  make-map:
    cmd: python map.py
    deps:
    - path: ..//downloads/gtfs-rt/current/locations.bin
      hash: md5
      md5: f3133571344b533970d23741fc55a7ad
      size: 3989892
    - path: gtfs.py
      hash: md5
      md5: 443114cbfbac7b946bbcd54af51fcc49
      size: 1303
    - path: gtfsrt.py
      hash: md5
      md5: a67b0a90a1c3471484ba21de589a6fbb
      size: 2740
    - path: map.py
      hash: md5
      md5: 25e2f7af988807b97285889f3514af5f
      size: 1937
    - path: utils/filesystem/paths.py
      hash: md5
      md5: 4d26ddb6656fef3f54cb2d2f77c5fc6d
      size: 335
    outs:
    - path: ..//docs/maps/index.html
      hash: md5
      md5: 057f2ac2966029f8c5f0d3e50d7ae64b
      size: 2373301
